
Microsoft Visual Studio Solution File, Format Version 12.00
# Visual Studio 14
VisualStudioVersion = 14.0.25420.1
MinimumVisualStudioVersion = 10.0.40219.1
Project("{FAE04EC0-301F-11D3-BF4B-00C04F79EFBC}") = "Paramita", "Paramita\Paramita.csproj", "{A28A77DB-F3E9-41D8-A348-5F95B65A27B5}"
EndProject
Project("{FAE04EC0-301F-11D3-BF4B-00C04F79EFBC}") = "Paramita.GameLogic", "Paramita.GameLogic\Paramita.GameLogic.csproj", "{02D54C08-97DF-44D3-AD44-D3845898E635}"
EndProject
Project("{FAE04EC0-301F-11D3-BF4B-00C04F79EFBC}") = "Paramita.GameLogic.UnitTests", "Paramita.GameLogic.UnitTests\Paramita.GameLogic.UnitTests.csproj", "{B10EF5FF-AEA3-4912-9DFF-B6E93BCA5AEA}"
EndProject
Global
	GlobalSection(SolutionConfigurationPlatforms) = preSolution
		Debug|Any CPU = Debug|Any CPU
		Debug|x86 = Debug|x86
		Release|Any CPU = Release|Any CPU
		Release|x86 = Release|x86
	EndGlobalSection
	GlobalSection(ProjectConfigurationPlatforms) = postSolution
		{A28A77DB-F3E9-41D8-A348-5F95B65A27B5}.Debug|Any CPU.ActiveCfg = Debug|x86
		{A28A77DB-F3E9-41D8-A348-5F95B65A27B5}.Debug|x86.ActiveCfg = Debug|x86
		{A28A77DB-F3E9-41D8-A348-5F95B65A27B5}.Debug|x86.Build.0 = Debug|x86
		{A28A77DB-F3E9-41D8-A348-5F95B65A27B5}.Release|Any CPU.ActiveCfg = Release|x86
		{A28A77DB-F3E9-41D8-A348-5F95B65A27B5}.Release|x86.ActiveCfg = Release|x86
		{A28A77DB-F3E9-41D8-A348-5F95B65A27B5}.Release|x86.Build.0 = Release|x86
		{02D54C08-97DF-44D3-AD44-D3845898E635}.Debug|Any CPU.ActiveCfg = Debug|Any CPU
		{02D54C08-97DF-44D3-AD44-D3845898E635}.Debug|Any CPU.Build.0 = Debug|Any CPU
		{02D54C08-97DF-44D3-AD44-D3845898E635}.Debug|x86.ActiveCfg = Debug|Any CPU
		{02D54C08-97DF-44D3-AD44-D3845898E635}.Debug|x86.Build.0 = Debug|Any CPU
		{02D54C08-97DF-44D3-AD44-D3845898E635}.Release|Any CPU.ActiveCfg = Release|Any CPU
		{02D54C08-97DF-44D3-AD44-D3845898E635}.Release|Any CPU.Build.0 = Release|Any CPU
		{02D54C08-97DF-44D3-AD44-D3845898E635}.Release|x86.ActiveCfg = Release|Any CPU
		{02D54C08-97DF-44D3-AD44-D3845898E635}.Release|x86.Build.0 = Release|Any CPU
		{B10EF5FF-AEA3-4912-9DFF-B6E93BCA5AEA}.Debug|Any CPU.ActiveCfg = Debug|Any CPU
		{B10EF5FF-AEA3-4912-9DFF-B6E93BCA5AEA}.Debug|Any CPU.Build.0 = Debug|Any CPU
		{B10EF5FF-AEA3-4912-9DFF-B6E93BCA5AEA}.Debug|x86.ActiveCfg = Debug|Any CPU
		{B10EF5FF-AEA3-4912-9DFF-B6E93BCA5AEA}.Debug|x86.Build.0 = Debug|Any CPU
		{B10EF5FF-AEA3-4912-9DFF-B6E93BCA5AEA}.Release|Any CPU.ActiveCfg = Release|Any CPU
		{B10EF5FF-AEA3-4912-9DFF-B6E93BCA5AEA}.Release|Any CPU.Build.0 = Release|Any CPU
		{B10EF5FF-AEA3-4912-9DFF-B6E93BCA5AEA}.Release|x86.ActiveCfg = Release|Any CPU
		{B10EF5FF-AEA3-4912-9DFF-B6E93BCA5AEA}.Release|x86.Build.0 = Release|Any CPU
	EndGlobalSection
	GlobalSection(SolutionProperties) = preSolution
		HideSolutionNode = FALSE
	EndGlobalSection
EndGlobal
